// !$*UTF8*$!
{
	archiveVersion = 1;
	classes = {
	};
	objectVersion = 55;
	objects = {

/* Begin PBXBuildFile section */
		47FC9139F1F55341C80F08B1 /* Pods_SampleTests.framework in Frameworks */ = {isa = PBXBuildFile; fileRef = 496FEE52542F39EEF1DA25B2 /* Pods_SampleTests.framework */; };
		BF0C25622952B8B100EAE162 /* NetworkProvider.swift in Sources */ = {isa = PBXBuildFile; fileRef = BF0C25612952B8B100EAE162 /* NetworkProvider.swift */; };
		BF0C25632952B8B100EAE162 /* NetworkProvider.swift in Sources */ = {isa = PBXBuildFile; fileRef = BF0C25612952B8B100EAE162 /* NetworkProvider.swift */; };
		BF0C25662952BB4A00EAE162 /* iTunesModel.swift in Sources */ = {isa = PBXBuildFile; fileRef = BF0C25652952BB4A00EAE162 /* iTunesModel.swift */; };
		BF0C25672952BB4A00EAE162 /* iTunesModel.swift in Sources */ = {isa = PBXBuildFile; fileRef = BF0C25652952BB4A00EAE162 /* iTunesModel.swift */; };
		BF0C25682952C55A00EAE162 /* ListViewModel.swift in Sources */ = {isa = PBXBuildFile; fileRef = BFB15D2E2951CE07005394D6 /* ListViewModel.swift */; };
		BF0C256B2952D0FE00EAE162 /* CustomConvertible+Desc.swift in Sources */ = {isa = PBXBuildFile; fileRef = BF0C256A2952D0FE00EAE162 /* CustomConvertible+Desc.swift */; };
		BF0C256C2952D0FE00EAE162 /* CustomConvertible+Desc.swift in Sources */ = {isa = PBXBuildFile; fileRef = BF0C256A2952D0FE00EAE162 /* CustomConvertible+Desc.swift */; };
		BF0C256F2952E1EC00EAE162 /* TrackTableViewCell.swift in Sources */ = {isa = PBXBuildFile; fileRef = BF0C256E2952E1EC00EAE162 /* TrackTableViewCell.swift */; };
		BF0C25702952E1EC00EAE162 /* TrackTableViewCell.swift in Sources */ = {isa = PBXBuildFile; fileRef = BF0C256E2952E1EC00EAE162 /* TrackTableViewCell.swift */; };
		BF0C25722952E47A00EAE162 /* iTunes.json in Resources */ = {isa = PBXBuildFile; fileRef = BF0C25712952E47A00EAE162 /* iTunes.json */; };
		BF0C25732952E47A00EAE162 /* iTunes.json in Resources */ = {isa = PBXBuildFile; fileRef = BF0C25712952E47A00EAE162 /* iTunes.json */; };
		BF0C25752952F00A00EAE162 /* DetailViewController.swift in Sources */ = {isa = PBXBuildFile; fileRef = BF0C25742952F00A00EAE162 /* DetailViewController.swift */; };
		BF0C25762952F00A00EAE162 /* DetailViewController.swift in Sources */ = {isa = PBXBuildFile; fileRef = BF0C25742952F00A00EAE162 /* DetailViewController.swift */; };
		BF0C25782952F66A00EAE162 /* Alert+UIViewController.swift in Sources */ = {isa = PBXBuildFile; fileRef = BF0C25772952F66A00EAE162 /* Alert+UIViewController.swift */; };
		BF0C25792952F66A00EAE162 /* Alert+UIViewController.swift in Sources */ = {isa = PBXBuildFile; fileRef = BF0C25772952F66A00EAE162 /* Alert+UIViewController.swift */; };
		BF0C257C2953121A00EAE162 /* BaseViewController.swift in Sources */ = {isa = PBXBuildFile; fileRef = BF0C257B2953121A00EAE162 /* BaseViewController.swift */; };
		BF0C257D2953121A00EAE162 /* BaseViewController.swift in Sources */ = {isa = PBXBuildFile; fileRef = BF0C257B2953121A00EAE162 /* BaseViewController.swift */; };
		BF72206E29556287005AD87F /* SDWebImage+UIImageView.swift in Sources */ = {isa = PBXBuildFile; fileRef = BFF80CF529546A960079C956 /* SDWebImage+UIImageView.swift */; };
		BFB15CFB2951CA63005394D6 /* AppDelegate.swift in Sources */ = {isa = PBXBuildFile; fileRef = BFB15CFA2951CA63005394D6 /* AppDelegate.swift */; };
		BFB15CFD2951CA63005394D6 /* SceneDelegate.swift in Sources */ = {isa = PBXBuildFile; fileRef = BFB15CFC2951CA63005394D6 /* SceneDelegate.swift */; };
		BFB15D022951CA63005394D6 /* Main.storyboard in Resources */ = {isa = PBXBuildFile; fileRef = BFB15D002951CA63005394D6 /* Main.storyboard */; };
		BFB15D042951CA66005394D6 /* Assets.xcassets in Resources */ = {isa = PBXBuildFile; fileRef = BFB15D032951CA66005394D6 /* Assets.xcassets */; };
		BFB15D072951CA66005394D6 /* LaunchScreen.storyboard in Resources */ = {isa = PBXBuildFile; fileRef = BFB15D052951CA66005394D6 /* LaunchScreen.storyboard */; };
		BFB15D2D2951CDF6005394D6 /* ListViewController.swift in Sources */ = {isa = PBXBuildFile; fileRef = BFB15D2C2951CDF6005394D6 /* ListViewController.swift */; };
		BFB15D2F2951CE07005394D6 /* ListViewModel.swift in Sources */ = {isa = PBXBuildFile; fileRef = BFB15D2E2951CE07005394D6 /* ListViewModel.swift */; };
		BFB15D322951D2C0005394D6 /* MockURLSession.swift in Sources */ = {isa = PBXBuildFile; fileRef = BFB15D312951D2C0005394D6 /* MockURLSession.swift */; };
		BFB15D342951D2E9005394D6 /* APITests.swift in Sources */ = {isa = PBXBuildFile; fileRef = BFB15D332951D2E9005394D6 /* APITests.swift */; };
		BFB15D372951D3E2005394D6 /* NetworkManager.swift in Sources */ = {isa = PBXBuildFile; fileRef = BFB15D362951D3E2005394D6 /* NetworkManager.swift */; };
		BFB15D382951D419005394D6 /* NetworkManager.swift in Sources */ = {isa = PBXBuildFile; fileRef = BFB15D362951D3E2005394D6 /* NetworkManager.swift */; };
		BFF80CDE295403750079C956 /* Constants.swift in Sources */ = {isa = PBXBuildFile; fileRef = BFF80CDD295403740079C956 /* Constants.swift */; };
		BFF80CDF29542CFC0079C956 /* Constants.swift in Sources */ = {isa = PBXBuildFile; fileRef = BFF80CDD295403740079C956 /* Constants.swift */; };
		BFF80CE12954333E0079C956 /* DetailViewTests.swift in Sources */ = {isa = PBXBuildFile; fileRef = BFF80CE02954333E0079C956 /* DetailViewTests.swift */; };
		BFF80CE22954362F0079C956 /* ListViewController.swift in Sources */ = {isa = PBXBuildFile; fileRef = BFB15D2C2951CDF6005394D6 /* ListViewController.swift */; };
		BFF80CE329543B970079C956 /* Main.storyboard in Resources */ = {isa = PBXBuildFile; fileRef = BFB15D002951CA63005394D6 /* Main.storyboard */; };
		BFF80CF629546A960079C956 /* SDWebImage+UIImageView.swift in Sources */ = {isa = PBXBuildFile; fileRef = BFF80CF529546A960079C956 /* SDWebImage+UIImageView.swift */; };
		BFF80CF829547B3A0079C956 /* DetailViewModel.swift in Sources */ = {isa = PBXBuildFile; fileRef = BFF80CF729547B390079C956 /* DetailViewModel.swift */; };
		BFF80CFA295486460079C956 /* URLSession+API.swift in Sources */ = {isa = PBXBuildFile; fileRef = BFF80CF9295486460079C956 /* URLSession+API.swift */; };
		BFF80CFB295487720079C956 /* URLSession+API.swift in Sources */ = {isa = PBXBuildFile; fileRef = BFF80CF9295486460079C956 /* URLSession+API.swift */; };
		BFF80CFC2954B6BF0079C956 /* DetailViewModel.swift in Sources */ = {isa = PBXBuildFile; fileRef = BFF80CF729547B390079C956 /* DetailViewModel.swift */; };
		F6882A6B2AB332672D0E1266 /* Pods_Sample.framework in Frameworks */ = {isa = PBXBuildFile; fileRef = A1CD9744DAE0CE1EDCEE2C3B /* Pods_Sample.framework */; };
/* End PBXBuildFile section */

/* Begin PBXContainerItemProxy section */
		BFB15D0E2951CA67005394D6 /* PBXContainerItemProxy */ = {
			isa = PBXContainerItemProxy;
			containerPortal = BFB15CEF2951CA63005394D6 /* Project object */;
			proxyType = 1;
			remoteGlobalIDString = BFB15CF62951CA63005394D6;
			remoteInfo = Sample;
		};
/* End PBXContainerItemProxy section */

/* Begin PBXFileReference section */
		2A137FD9145B9C18AD5072E3 /* Pods-Sample.debug.xcconfig */ = {isa = PBXFileReference; includeInIndex = 1; lastKnownFileType = text.xcconfig; name = "Pods-Sample.debug.xcconfig"; path = "Target Support Files/Pods-Sample/Pods-Sample.debug.xcconfig"; sourceTree = "<group>"; };
		496FEE52542F39EEF1DA25B2 /* Pods_SampleTests.framework */ = {isa = PBXFileReference; explicitFileType = wrapper.framework; includeInIndex = 0; path = Pods_SampleTests.framework; sourceTree = BUILT_PRODUCTS_DIR; };
		567BBE967C9D0431344EB366 /* Pods-SampleTests.release.xcconfig */ = {isa = PBXFileReference; includeInIndex = 1; lastKnownFileType = text.xcconfig; name = "Pods-SampleTests.release.xcconfig"; path = "Target Support Files/Pods-SampleTests/Pods-SampleTests.release.xcconfig"; sourceTree = "<group>"; };
		726D452E99C81261B7DED1FF /* Pods-Sample.release.xcconfig */ = {isa = PBXFileReference; includeInIndex = 1; lastKnownFileType = text.xcconfig; name = "Pods-Sample.release.xcconfig"; path = "Target Support Files/Pods-Sample/Pods-Sample.release.xcconfig"; sourceTree = "<group>"; };
		A1CD9744DAE0CE1EDCEE2C3B /* Pods_Sample.framework */ = {isa = PBXFileReference; explicitFileType = wrapper.framework; includeInIndex = 0; path = Pods_Sample.framework; sourceTree = BUILT_PRODUCTS_DIR; };
		BF0C25612952B8B100EAE162 /* NetworkProvider.swift */ = {isa = PBXFileReference; lastKnownFileType = sourcecode.swift; path = NetworkProvider.swift; sourceTree = "<group>"; };
		BF0C25652952BB4A00EAE162 /* iTunesModel.swift */ = {isa = PBXFileReference; lastKnownFileType = sourcecode.swift; path = iTunesModel.swift; sourceTree = "<group>"; };
		BF0C256A2952D0FE00EAE162 /* CustomConvertible+Desc.swift */ = {isa = PBXFileReference; lastKnownFileType = sourcecode.swift; path = "CustomConvertible+Desc.swift"; sourceTree = "<group>"; };
		BF0C256E2952E1EC00EAE162 /* TrackTableViewCell.swift */ = {isa = PBXFileReference; lastKnownFileType = sourcecode.swift; path = TrackTableViewCell.swift; sourceTree = "<group>"; };
		BF0C25712952E47A00EAE162 /* iTunes.json */ = {isa = PBXFileReference; fileEncoding = 4; lastKnownFileType = text.json; path = iTunes.json; sourceTree = "<group>"; };
		BF0C25742952F00A00EAE162 /* DetailViewController.swift */ = {isa = PBXFileReference; lastKnownFileType = sourcecode.swift; path = DetailViewController.swift; sourceTree = "<group>"; };
		BF0C25772952F66A00EAE162 /* Alert+UIViewController.swift */ = {isa = PBXFileReference; lastKnownFileType = sourcecode.swift; path = "Alert+UIViewController.swift"; sourceTree = "<group>"; };
		BF0C257B2953121A00EAE162 /* BaseViewController.swift */ = {isa = PBXFileReference; lastKnownFileType = sourcecode.swift; path = BaseViewController.swift; sourceTree = "<group>"; };
		BFB15CF72951CA63005394D6 /* Sample.app */ = {isa = PBXFileReference; explicitFileType = wrapper.application; includeInIndex = 0; path = Sample.app; sourceTree = BUILT_PRODUCTS_DIR; };
		BFB15CFA2951CA63005394D6 /* AppDelegate.swift */ = {isa = PBXFileReference; lastKnownFileType = sourcecode.swift; path = AppDelegate.swift; sourceTree = "<group>"; };
		BFB15CFC2951CA63005394D6 /* SceneDelegate.swift */ = {isa = PBXFileReference; lastKnownFileType = sourcecode.swift; path = SceneDelegate.swift; sourceTree = "<group>"; };
		BFB15D012951CA63005394D6 /* Base */ = {isa = PBXFileReference; lastKnownFileType = file.storyboard; name = Base; path = Base.lproj/Main.storyboard; sourceTree = "<group>"; };
		BFB15D032951CA66005394D6 /* Assets.xcassets */ = {isa = PBXFileReference; lastKnownFileType = folder.assetcatalog; path = Assets.xcassets; sourceTree = "<group>"; };
		BFB15D062951CA66005394D6 /* Base */ = {isa = PBXFileReference; lastKnownFileType = file.storyboard; name = Base; path = Base.lproj/LaunchScreen.storyboard; sourceTree = "<group>"; };
		BFB15D082951CA66005394D6 /* Info.plist */ = {isa = PBXFileReference; lastKnownFileType = text.plist.xml; path = Info.plist; sourceTree = "<group>"; };
		BFB15D0D2951CA67005394D6 /* SampleTests.xctest */ = {isa = PBXFileReference; explicitFileType = wrapper.cfbundle; includeInIndex = 0; path = SampleTests.xctest; sourceTree = BUILT_PRODUCTS_DIR; };
		BFB15D2C2951CDF6005394D6 /* ListViewController.swift */ = {isa = PBXFileReference; lastKnownFileType = sourcecode.swift; path = ListViewController.swift; sourceTree = "<group>"; };
		BFB15D2E2951CE07005394D6 /* ListViewModel.swift */ = {isa = PBXFileReference; lastKnownFileType = sourcecode.swift; path = ListViewModel.swift; sourceTree = "<group>"; };
		BFB15D312951D2C0005394D6 /* MockURLSession.swift */ = {isa = PBXFileReference; lastKnownFileType = sourcecode.swift; path = MockURLSession.swift; sourceTree = "<group>"; };
		BFB15D332951D2E9005394D6 /* APITests.swift */ = {isa = PBXFileReference; lastKnownFileType = sourcecode.swift; path = APITests.swift; sourceTree = "<group>"; };
		BFB15D362951D3E2005394D6 /* NetworkManager.swift */ = {isa = PBXFileReference; lastKnownFileType = sourcecode.swift; path = NetworkManager.swift; sourceTree = "<group>"; };
		BFF80CDD295403740079C956 /* Constants.swift */ = {isa = PBXFileReference; lastKnownFileType = sourcecode.swift; path = Constants.swift; sourceTree = "<group>"; };
		BFF80CE02954333E0079C956 /* DetailViewTests.swift */ = {isa = PBXFileReference; lastKnownFileType = sourcecode.swift; path = DetailViewTests.swift; sourceTree = "<group>"; };
		BFF80CF529546A960079C956 /* SDWebImage+UIImageView.swift */ = {isa = PBXFileReference; lastKnownFileType = sourcecode.swift; path = "SDWebImage+UIImageView.swift"; sourceTree = "<group>"; };
		BFF80CF729547B390079C956 /* DetailViewModel.swift */ = {isa = PBXFileReference; lastKnownFileType = sourcecode.swift; path = DetailViewModel.swift; sourceTree = "<group>"; };
		BFF80CF9295486460079C956 /* URLSession+API.swift */ = {isa = PBXFileReference; lastKnownFileType = sourcecode.swift; path = "URLSession+API.swift"; sourceTree = "<group>"; };
		DF078C7CDECEDD865106E06C /* Pods-Sample.qa.xcconfig */ = {isa = PBXFileReference; includeInIndex = 1; lastKnownFileType = text.xcconfig; name = "Pods-Sample.qa.xcconfig"; path = "Target Support Files/Pods-Sample/Pods-Sample.qa.xcconfig"; sourceTree = "<group>"; };
		E108AFC5AEBC5585AF85FB2D /* Pods-SampleTests.qa.xcconfig */ = {isa = PBXFileReference; includeInIndex = 1; lastKnownFileType = text.xcconfig; name = "Pods-SampleTests.qa.xcconfig"; path = "Target Support Files/Pods-SampleTests/Pods-SampleTests.qa.xcconfig"; sourceTree = "<group>"; };
		FE33E3B9F5710A205D578FDC /* Pods-SampleTests.debug.xcconfig */ = {isa = PBXFileReference; includeInIndex = 1; lastKnownFileType = text.xcconfig; name = "Pods-SampleTests.debug.xcconfig"; path = "Target Support Files/Pods-SampleTests/Pods-SampleTests.debug.xcconfig"; sourceTree = "<group>"; };
/* End PBXFileReference section */

/* Begin PBXFrameworksBuildPhase section */
		BFB15CF42951CA63005394D6 /* Frameworks */ = {
			isa = PBXFrameworksBuildPhase;
			buildActionMask = 2147483647;
			files = (
				F6882A6B2AB332672D0E1266 /* Pods_Sample.framework in Frameworks */,
			);
			runOnlyForDeploymentPostprocessing = 0;
		};
		BFB15D0A2951CA67005394D6 /* Frameworks */ = {
			isa = PBXFrameworksBuildPhase;
			buildActionMask = 2147483647;
			files = (
				47FC9139F1F55341C80F08B1 /* Pods_SampleTests.framework in Frameworks */,
			);
			runOnlyForDeploymentPostprocessing = 0;
		};
/* End PBXFrameworksBuildPhase section */

/* Begin PBXGroup section */
		45A2450E90816AB4463D107C /* Pods */ = {
			isa = PBXGroup;
			children = (
				2A137FD9145B9C18AD5072E3 /* Pods-Sample.debug.xcconfig */,
				726D452E99C81261B7DED1FF /* Pods-Sample.release.xcconfig */,
				DF078C7CDECEDD865106E06C /* Pods-Sample.qa.xcconfig */,
				FE33E3B9F5710A205D578FDC /* Pods-SampleTests.debug.xcconfig */,
				567BBE967C9D0431344EB366 /* Pods-SampleTests.release.xcconfig */,
				E108AFC5AEBC5585AF85FB2D /* Pods-SampleTests.qa.xcconfig */,
			);
			path = Pods;
			sourceTree = "<group>";
		};
		9A592E0434059477814A5EC6 /* Frameworks */ = {
			isa = PBXGroup;
			children = (
				A1CD9744DAE0CE1EDCEE2C3B /* Pods_Sample.framework */,
				496FEE52542F39EEF1DA25B2 /* Pods_SampleTests.framework */,
			);
			name = Frameworks;
			sourceTree = "<group>";
		};
		BF0C25642952BB3600EAE162 /* Models */ = {
			isa = PBXGroup;
			children = (
				BF0C25652952BB4A00EAE162 /* iTunesModel.swift */,
			);
			path = Models;
			sourceTree = "<group>";
		};
		BF0C25692952D0E700EAE162 /* Extension */ = {
			isa = PBXGroup;
			children = (
				BF0C256A2952D0FE00EAE162 /* CustomConvertible+Desc.swift */,
				BF0C25772952F66A00EAE162 /* Alert+UIViewController.swift */,
				BFF80CF9295486460079C956 /* URLSession+API.swift */,
			);
			path = Extension;
			sourceTree = "<group>";
		};
		BF0C256D2952D72200EAE162 /* DetailView */ = {
			isa = PBXGroup;
			children = (
				BF0C25742952F00A00EAE162 /* DetailViewController.swift */,
				BFF80CF729547B390079C956 /* DetailViewModel.swift */,
			);
			path = DetailView;
			sourceTree = "<group>";
		};
		BF0C257A2953120800EAE162 /* BaseViewController */ = {
			isa = PBXGroup;
			children = (
				BF0C257B2953121A00EAE162 /* BaseViewController.swift */,
			);
			path = BaseViewController;
			sourceTree = "<group>";
		};
		BF0C257F29531EEA00EAE162 /* API */ = {
			isa = PBXGroup;
			children = (
				BFB15D312951D2C0005394D6 /* MockURLSession.swift */,
				BF0C25712952E47A00EAE162 /* iTunes.json */,
			);
			path = API;
			sourceTree = "<group>";
		};
		BFB15CEE2951CA63005394D6 = {
			isa = PBXGroup;
			children = (
				BFB15CF92951CA63005394D6 /* Sample */,
				BFB15D102951CA67005394D6 /* SampleTests */,
				BFB15CF82951CA63005394D6 /* Products */,
				45A2450E90816AB4463D107C /* Pods */,
				9A592E0434059477814A5EC6 /* Frameworks */,
			);
			sourceTree = "<group>";
		};
		BFB15CF82951CA63005394D6 /* Products */ = {
			isa = PBXGroup;
			children = (
				BFB15CF72951CA63005394D6 /* Sample.app */,
				BFB15D0D2951CA67005394D6 /* SampleTests.xctest */,
			);
			name = Products;
			sourceTree = "<group>";
		};
		BFB15CF92951CA63005394D6 /* Sample */ = {
			isa = PBXGroup;
			children = (
				BFB15CFA2951CA63005394D6 /* AppDelegate.swift */,
				BFB15CFC2951CA63005394D6 /* SceneDelegate.swift */,
				BF0C257A2953120800EAE162 /* BaseViewController */,
				BFB15D302951CE11005394D6 /* ListView */,
				BF0C256D2952D72200EAE162 /* DetailView */,
				BFB15D352951D3CF005394D6 /* APIClass */,
				BF0C25642952BB3600EAE162 /* Models */,
				BF0C25692952D0E700EAE162 /* Extension */,
				BFF80CDC2954027B0079C956 /* Classes */,
				BFF80CF429546A3F0079C956 /* WrapperClass */,
				BFB15D002951CA63005394D6 /* Main.storyboard */,
				BFB15D032951CA66005394D6 /* Assets.xcassets */,
				BFB15D052951CA66005394D6 /* LaunchScreen.storyboard */,
				BFB15D082951CA66005394D6 /* Info.plist */,
			);
			path = Sample;
			sourceTree = "<group>";
		};
		BFB15D102951CA67005394D6 /* SampleTests */ = {
			isa = PBXGroup;
			children = (
				BFB15D332951D2E9005394D6 /* APITests.swift */,
				BFF80CE02954333E0079C956 /* DetailViewTests.swift */,
				BF0C257F29531EEA00EAE162 /* API */,
			);
			path = SampleTests;
			sourceTree = "<group>";
		};
		BFB15D302951CE11005394D6 /* ListView */ = {
			isa = PBXGroup;
			children = (
				BFB15D2C2951CDF6005394D6 /* ListViewController.swift */,
				BFB15D2E2951CE07005394D6 /* ListViewModel.swift */,
				BF0C256E2952E1EC00EAE162 /* TrackTableViewCell.swift */,
			);
			path = ListView;
			sourceTree = "<group>";
		};
		BFB15D352951D3CF005394D6 /* APIClass */ = {
			isa = PBXGroup;
			children = (
				BFB15D362951D3E2005394D6 /* NetworkManager.swift */,
				BF0C25612952B8B100EAE162 /* NetworkProvider.swift */,
			);
			path = APIClass;
			sourceTree = "<group>";
		};
		BFF80CDC2954027B0079C956 /* Classes */ = {
			isa = PBXGroup;
			children = (
				BFF80CDD295403740079C956 /* Constants.swift */,
			);
			path = Classes;
			sourceTree = "<group>";
		};
		BFF80CF429546A3F0079C956 /* WrapperClass */ = {
			isa = PBXGroup;
			children = (
				BFF80CF529546A960079C956 /* SDWebImage+UIImageView.swift */,
			);
			path = WrapperClass;
			sourceTree = "<group>";
		};
/* End PBXGroup section */

/* Begin PBXNativeTarget section */
		BFB15CF62951CA63005394D6 /* Sample */ = {
			isa = PBXNativeTarget;
			buildConfigurationList = BFB15D212951CA67005394D6 /* Build configuration list for PBXNativeTarget "Sample" */;
			buildPhases = (
				AA69AB64A97FD00458A10948 /* [CP] Check Pods Manifest.lock */,
				BFB15CF32951CA63005394D6 /* Sources */,
				BFB15CF42951CA63005394D6 /* Frameworks */,
				BFB15CF52951CA63005394D6 /* Resources */,
				BF0C257E2953137A00EAE162 /* ShellScript */,
				464BCF50D411B54BC023EE5E /* [CP] Embed Pods Frameworks */,
			);
			buildRules = (
			);
			dependencies = (
			);
			name = Sample;
			productName = Sample;
			productReference = BFB15CF72951CA63005394D6 /* Sample.app */;
			productType = "com.apple.product-type.application";
		};
		BFB15D0C2951CA67005394D6 /* SampleTests */ = {
			isa = PBXNativeTarget;
			buildConfigurationList = BFB15D242951CA67005394D6 /* Build configuration list for PBXNativeTarget "SampleTests" */;
			buildPhases = (
				780409CC636BEDDCE94A7D2E /* [CP] Check Pods Manifest.lock */,
				BFB15D092951CA67005394D6 /* Sources */,
				BFB15D0A2951CA67005394D6 /* Frameworks */,
				BFB15D0B2951CA67005394D6 /* Resources */,
			);
			buildRules = (
			);
			dependencies = (
				BFB15D0F2951CA67005394D6 /* PBXTargetDependency */,
			);
			name = SampleTests;
			productName = SampleTests;
			productReference = BFB15D0D2951CA67005394D6 /* SampleTests.xctest */;
			productType = "com.apple.product-type.bundle.unit-test";
		};
/* End PBXNativeTarget section */

/* Begin PBXProject section */
		BFB15CEF2951CA63005394D6 /* Project object */ = {
			isa = PBXProject;
			attributes = {
				BuildIndependentTargetsInParallel = 1;
				LastSwiftUpdateCheck = 1410;
				LastUpgradeCheck = 1410;
				TargetAttributes = {
					BFB15CF62951CA63005394D6 = {
						CreatedOnToolsVersion = 14.1;
					};
					BFB15D0C2951CA67005394D6 = {
						CreatedOnToolsVersion = 14.1;
						TestTargetID = BFB15CF62951CA63005394D6;
					};
				};
			};
			buildConfigurationList = BFB15CF22951CA63005394D6 /* Build configuration list for PBXProject "Sample" */;
			compatibilityVersion = "Xcode 13.0";
			developmentRegion = en;
			hasScannedForEncodings = 0;
			knownRegions = (
				en,
				Base,
			);
			mainGroup = BFB15CEE2951CA63005394D6;
			productRefGroup = BFB15CF82951CA63005394D6 /* Products */;
			projectDirPath = "";
			projectRoot = "";
			targets = (
				BFB15CF62951CA63005394D6 /* Sample */,
				BFB15D0C2951CA67005394D6 /* SampleTests */,
			);
		};
/* End PBXProject section */

/* Begin PBXResourcesBuildPhase section */
		BFB15CF52951CA63005394D6 /* Resources */ = {
			isa = PBXResourcesBuildPhase;
			buildActionMask = 2147483647;
			files = (
				BFB15D072951CA66005394D6 /* LaunchScreen.storyboard in Resources */,
				BFB15D042951CA66005394D6 /* Assets.xcassets in Resources */,
				BFB15D022951CA63005394D6 /* Main.storyboard in Resources */,
				BF0C25722952E47A00EAE162 /* iTunes.json in Resources */,
			);
			runOnlyForDeploymentPostprocessing = 0;
		};
		BFB15D0B2951CA67005394D6 /* Resources */ = {
			isa = PBXResourcesBuildPhase;
			buildActionMask = 2147483647;
			files = (
				BF0C25732952E47A00EAE162 /* iTunes.json in Resources */,
				BFF80CE329543B970079C956 /* Main.storyboard in Resources */,
			);
			runOnlyForDeploymentPostprocessing = 0;
		};
/* End PBXResourcesBuildPhase section */

/* Begin PBXShellScriptBuildPhase section */
		464BCF50D411B54BC023EE5E /* [CP] Embed Pods Frameworks */ = {
			isa = PBXShellScriptBuildPhase;
			buildActionMask = 2147483647;
			files = (
			);
			inputFileListPaths = (
				"${PODS_ROOT}/Target Support Files/Pods-Sample/Pods-Sample-frameworks-${CONFIGURATION}-input-files.xcfilelist",
			);
			name = "[CP] Embed Pods Frameworks";
			outputFileListPaths = (
				"${PODS_ROOT}/Target Support Files/Pods-Sample/Pods-Sample-frameworks-${CONFIGURATION}-output-files.xcfilelist",
			);
			runOnlyForDeploymentPostprocessing = 0;
			shellPath = /bin/sh;
			shellScript = "\"${PODS_ROOT}/Target Support Files/Pods-Sample/Pods-Sample-frameworks.sh\"\n";
			showEnvVarsInLog = 0;
		};
		780409CC636BEDDCE94A7D2E /* [CP] Check Pods Manifest.lock */ = {
			isa = PBXShellScriptBuildPhase;
			buildActionMask = 2147483647;
			files = (
			);
			inputFileListPaths = (
			);
			inputPaths = (
				"${PODS_PODFILE_DIR_PATH}/Podfile.lock",
				"${PODS_ROOT}/Manifest.lock",
			);
			name = "[CP] Check Pods Manifest.lock";
			outputFileListPaths = (
			);
			outputPaths = (
				"$(DERIVED_FILE_DIR)/Pods-SampleTests-checkManifestLockResult.txt",
			);
			runOnlyForDeploymentPostprocessing = 0;
			shellPath = /bin/sh;
			shellScript = "diff \"${PODS_PODFILE_DIR_PATH}/Podfile.lock\" \"${PODS_ROOT}/Manifest.lock\" > /dev/null\nif [ $? != 0 ] ; then\n    # print error to STDERR\n    echo \"error: The sandbox is not in sync with the Podfile.lock. Run 'pod install' or update your CocoaPods installation.\" >&2\n    exit 1\nfi\n# This output is used by Xcode 'outputs' to avoid re-running this script phase.\necho \"SUCCESS\" > \"${SCRIPT_OUTPUT_FILE_0}\"\n";
			showEnvVarsInLog = 0;
		};
		AA69AB64A97FD00458A10948 /* [CP] Check Pods Manifest.lock */ = {
			isa = PBXShellScriptBuildPhase;
			buildActionMask = 2147483647;
			files = (
			);
			inputFileListPaths = (
			);
			inputPaths = (
				"${PODS_PODFILE_DIR_PATH}/Podfile.lock",
				"${PODS_ROOT}/Manifest.lock",
			);
			name = "[CP] Check Pods Manifest.lock";
			outputFileListPaths = (
			);
			outputPaths = (
				"$(DERIVED_FILE_DIR)/Pods-Sample-checkManifestLockResult.txt",
			);
			runOnlyForDeploymentPostprocessing = 0;
			shellPath = /bin/sh;
			shellScript = "diff \"${PODS_PODFILE_DIR_PATH}/Podfile.lock\" \"${PODS_ROOT}/Manifest.lock\" > /dev/null\nif [ $? != 0 ] ; then\n    # print error to STDERR\n    echo \"error: The sandbox is not in sync with the Podfile.lock. Run 'pod install' or update your CocoaPods installation.\" >&2\n    exit 1\nfi\n# This output is used by Xcode 'outputs' to avoid re-running this script phase.\necho \"SUCCESS\" > \"${SCRIPT_OUTPUT_FILE_0}\"\n";
			showEnvVarsInLog = 0;
		};
		BF0C257E2953137A00EAE162 /* ShellScript */ = {
			isa = PBXShellScriptBuildPhase;
			buildActionMask = 2147483647;
			files = (
			);
			inputFileListPaths = (
			);
			inputPaths = (
			);
			outputFileListPaths = (
			);
			outputPaths = (
			);
			runOnlyForDeploymentPostprocessing = 0;
			shellPath = /bin/sh;
			shellScript = "if which swiftlint >/dev/null; then\n  swiftlint\nelse\n  echo \"warning: SwiftLint not installed, download from https://github.com/realm/SwiftLint\"\nfi\n";
		};
/* End PBXShellScriptBuildPhase section */

/* Begin PBXSourcesBuildPhase section */
		BFB15CF32951CA63005394D6 /* Sources */ = {
			isa = PBXSourcesBuildPhase;
			buildActionMask = 2147483647;
			files = (
				BF0C25622952B8B100EAE162 /* NetworkProvider.swift in Sources */,
				BFB15D372951D3E2005394D6 /* NetworkManager.swift in Sources */,
				BF0C256B2952D0FE00EAE162 /* CustomConvertible+Desc.swift in Sources */,
				BFB15D2F2951CE07005394D6 /* ListViewModel.swift in Sources */,
				BF0C25782952F66A00EAE162 /* Alert+UIViewController.swift in Sources */,
				BF0C257C2953121A00EAE162 /* BaseViewController.swift in Sources */,
				BF0C256F2952E1EC00EAE162 /* TrackTableViewCell.swift in Sources */,
				BFF80CF629546A960079C956 /* SDWebImage+UIImageView.swift in Sources */,
				BFF80CDE295403750079C956 /* Constants.swift in Sources */,
				BFB15CFB2951CA63005394D6 /* AppDelegate.swift in Sources */,
				BF0C25662952BB4A00EAE162 /* iTunesModel.swift in Sources */,
				BFF80CFA295486460079C956 /* URLSession+API.swift in Sources */,
				BF0C25752952F00A00EAE162 /* DetailViewController.swift in Sources */,
				BFB15D2D2951CDF6005394D6 /* ListViewController.swift in Sources */,
				BFF80CF829547B3A0079C956 /* DetailViewModel.swift in Sources */,
				BFB15CFD2951CA63005394D6 /* SceneDelegate.swift in Sources */,
			);
			runOnlyForDeploymentPostprocessing = 0;
		};
		BFB15D092951CA67005394D6 /* Sources */ = {
			isa = PBXSourcesBuildPhase;
			buildActionMask = 2147483647;
			files = (
				BFB15D382951D419005394D6 /* NetworkManager.swift in Sources */,
				BF0C256C2952D0FE00EAE162 /* CustomConvertible+Desc.swift in Sources */,
				BFB15D322951D2C0005394D6 /* MockURLSession.swift in Sources */,
				BFF80CE12954333E0079C956 /* DetailViewTests.swift in Sources */,
				BF0C25682952C55A00EAE162 /* ListViewModel.swift in Sources */,
				BF0C25792952F66A00EAE162 /* Alert+UIViewController.swift in Sources */,
				BFF80CFB295487720079C956 /* URLSession+API.swift in Sources */,
				BF0C257D2953121A00EAE162 /* BaseViewController.swift in Sources */,
				BF0C25702952E1EC00EAE162 /* TrackTableViewCell.swift in Sources */,
				BFF80CE22954362F0079C956 /* ListViewController.swift in Sources */,
				BFF80CDF29542CFC0079C956 /* Constants.swift in Sources */,
				BF72206E29556287005AD87F /* SDWebImage+UIImageView.swift in Sources */,
				BFB15D342951D2E9005394D6 /* APITests.swift in Sources */,
				BF0C25762952F00A00EAE162 /* DetailViewController.swift in Sources */,
				BF0C25632952B8B100EAE162 /* NetworkProvider.swift in Sources */,
				BF0C25672952BB4A00EAE162 /* iTunesModel.swift in Sources */,
				BFF80CFC2954B6BF0079C956 /* DetailViewModel.swift in Sources */,
			);
			runOnlyForDeploymentPostprocessing = 0;
		};
/* End PBXSourcesBuildPhase section */

/* Begin PBXTargetDependency section */
		BFB15D0F2951CA67005394D6 /* PBXTargetDependency */ = {
			isa = PBXTargetDependency;
			target = BFB15CF62951CA63005394D6 /* Sample */;
			targetProxy = BFB15D0E2951CA67005394D6 /* PBXContainerItemProxy */;
		};
/* End PBXTargetDependency section */

/* Begin PBXVariantGroup section */
		BFB15D002951CA63005394D6 /* Main.storyboard */ = {
			isa = PBXVariantGroup;
			children = (
				BFB15D012951CA63005394D6 /* Base */,
			);
			name = Main.storyboard;
			sourceTree = "<group>";
		};
		BFB15D052951CA66005394D6 /* LaunchScreen.storyboard */ = {
			isa = PBXVariantGroup;
			children = (
				BFB15D062951CA66005394D6 /* Base */,
			);
			name = LaunchScreen.storyboard;
			sourceTree = "<group>";
		};
/* End PBXVariantGroup section */

/* Begin XCBuildConfiguration section */
		BFB15D1F2951CA67005394D6 /* Debug */ = {
			isa = XCBuildConfiguration;
			buildSettings = {
				ALWAYS_SEARCH_USER_PATHS = NO;
				CLANG_ANALYZER_NONNULL = YES;
				CLANG_ANALYZER_NUMBER_OBJECT_CONVERSION = YES_AGGRESSIVE;
				CLANG_CXX_LANGUAGE_STANDARD = "gnu++20";
				CLANG_ENABLE_MODULES = YES;
				CLANG_ENABLE_OBJC_ARC = YES;
				CLANG_ENABLE_OBJC_WEAK = YES;
				CLANG_WARN_BLOCK_CAPTURE_AUTORELEASING = YES;
				CLANG_WARN_BOOL_CONVERSION = YES;
				CLANG_WARN_COMMA = YES;
				CLANG_WARN_CONSTANT_CONVERSION = YES;
				CLANG_WARN_DEPRECATED_OBJC_IMPLEMENTATIONS = YES;
				CLANG_WARN_DIRECT_OBJC_ISA_USAGE = YES_ERROR;
				CLANG_WARN_DOCUMENTATION_COMMENTS = YES;
				CLANG_WARN_EMPTY_BODY = YES;
				CLANG_WARN_ENUM_CONVERSION = YES;
				CLANG_WARN_INFINITE_RECURSION = YES;
				CLANG_WARN_INT_CONVERSION = YES;
				CLANG_WARN_NON_LITERAL_NULL_CONVERSION = YES;
				CLANG_WARN_OBJC_IMPLICIT_RETAIN_SELF = YES;
				CLANG_WARN_OBJC_LITERAL_CONVERSION = YES;
				CLANG_WARN_OBJC_ROOT_CLASS = YES_ERROR;
				CLANG_WARN_QUOTED_INCLUDE_IN_FRAMEWORK_HEADER = YES;
				CLANG_WARN_RANGE_LOOP_ANALYSIS = YES;
				CLANG_WARN_STRICT_PROTOTYPES = YES;
				CLANG_WARN_SUSPICIOUS_MOVE = YES;
				CLANG_WARN_UNGUARDED_AVAILABILITY = YES_AGGRESSIVE;
				CLANG_WARN_UNREACHABLE_CODE = YES;
				CLANG_WARN__DUPLICATE_METHOD_MATCH = YES;
				COPY_PHASE_STRIP = NO;
				DEBUG_INFORMATION_FORMAT = dwarf;
				ENABLE_STRICT_OBJC_MSGSEND = YES;
				ENABLE_TESTABILITY = YES;
				GCC_C_LANGUAGE_STANDARD = gnu11;
				GCC_DYNAMIC_NO_PIC = NO;
				GCC_NO_COMMON_BLOCKS = YES;
				GCC_OPTIMIZATION_LEVEL = 0;
				GCC_PREPROCESSOR_DEFINITIONS = (
					"DEBUG=1",
					"$(inherited)",
				);
				GCC_WARN_64_TO_32_BIT_CONVERSION = YES;
				GCC_WARN_ABOUT_RETURN_TYPE = YES_ERROR;
				GCC_WARN_UNDECLARED_SELECTOR = YES;
				GCC_WARN_UNINITIALIZED_AUTOS = YES_AGGRESSIVE;
				GCC_WARN_UNUSED_FUNCTION = YES;
				GCC_WARN_UNUSED_VARIABLE = YES;
				IPHONEOS_DEPLOYMENT_TARGET = 13.0;
				MTL_ENABLE_DEBUG_INFO = INCLUDE_SOURCE;
				MTL_FAST_MATH = YES;
				ONLY_ACTIVE_ARCH = YES;
				SDKROOT = iphoneos;
				SWIFT_ACTIVE_COMPILATION_CONDITIONS = DEBUG;
				SWIFT_OPTIMIZATION_LEVEL = "-Onone";
			};
			name = Debug;
		};
		BFB15D202951CA67005394D6 /* Release */ = {
			isa = XCBuildConfiguration;
			buildSettings = {
				ALWAYS_SEARCH_USER_PATHS = NO;
				CLANG_ANALYZER_NONNULL = YES;
				CLANG_ANALYZER_NUMBER_OBJECT_CONVERSION = YES_AGGRESSIVE;
				CLANG_CXX_LANGUAGE_STANDARD = "gnu++20";
				CLANG_ENABLE_MODULES = YES;
				CLANG_ENABLE_OBJC_ARC = YES;
				CLANG_ENABLE_OBJC_WEAK = YES;
				CLANG_WARN_BLOCK_CAPTURE_AUTORELEASING = YES;
				CLANG_WARN_BOOL_CONVERSION = YES;
				CLANG_WARN_COMMA = YES;
				CLANG_WARN_CONSTANT_CONVERSION = YES;
				CLANG_WARN_DEPRECATED_OBJC_IMPLEMENTATIONS = YES;
				CLANG_WARN_DIRECT_OBJC_ISA_USAGE = YES_ERROR;
				CLANG_WARN_DOCUMENTATION_COMMENTS = YES;
				CLANG_WARN_EMPTY_BODY = YES;
				CLANG_WARN_ENUM_CONVERSION = YES;
				CLANG_WARN_INFINITE_RECURSION = YES;
				CLANG_WARN_INT_CONVERSION = YES;
				CLANG_WARN_NON_LITERAL_NULL_CONVERSION = YES;
				CLANG_WARN_OBJC_IMPLICIT_RETAIN_SELF = YES;
				CLANG_WARN_OBJC_LITERAL_CONVERSION = YES;
				CLANG_WARN_OBJC_ROOT_CLASS = YES_ERROR;
				CLANG_WARN_QUOTED_INCLUDE_IN_FRAMEWORK_HEADER = YES;
				CLANG_WARN_RANGE_LOOP_ANALYSIS = YES;
				CLANG_WARN_STRICT_PROTOTYPES = YES;
				CLANG_WARN_SUSPICIOUS_MOVE = YES;
				CLANG_WARN_UNGUARDED_AVAILABILITY = YES_AGGRESSIVE;
				CLANG_WARN_UNREACHABLE_CODE = YES;
				CLANG_WARN__DUPLICATE_METHOD_MATCH = YES;
				COPY_PHASE_STRIP = NO;
				DEBUG_INFORMATION_FORMAT = "dwarf-with-dsym";
				ENABLE_NS_ASSERTIONS = NO;
				ENABLE_STRICT_OBJC_MSGSEND = YES;
				GCC_C_LANGUAGE_STANDARD = gnu11;
				GCC_NO_COMMON_BLOCKS = YES;
				GCC_WARN_64_TO_32_BIT_CONVERSION = YES;
				GCC_WARN_ABOUT_RETURN_TYPE = YES_ERROR;
				GCC_WARN_UNDECLARED_SELECTOR = YES;
				GCC_WARN_UNINITIALIZED_AUTOS = YES_AGGRESSIVE;
				GCC_WARN_UNUSED_FUNCTION = YES;
				GCC_WARN_UNUSED_VARIABLE = YES;
				IPHONEOS_DEPLOYMENT_TARGET = 13.0;
				MTL_ENABLE_DEBUG_INFO = NO;
				MTL_FAST_MATH = YES;
				SDKROOT = iphoneos;
				SWIFT_COMPILATION_MODE = wholemodule;
				SWIFT_OPTIMIZATION_LEVEL = "-O";
				VALIDATE_PRODUCT = YES;
			};
			name = Release;
		};
		BFB15D222951CA67005394D6 /* Debug */ = {
			isa = XCBuildConfiguration;
			baseConfigurationReference = 2A137FD9145B9C18AD5072E3 /* Pods-Sample.debug.xcconfig */;
			buildSettings = {
				ASSETCATALOG_COMPILER_APPICON_NAME = AppIcon;
				ASSETCATALOG_COMPILER_GLOBAL_ACCENT_COLOR_NAME = AccentColor;
				CODE_SIGN_STYLE = Automatic;
				CURRENT_PROJECT_VERSION = 1;
				GENERATE_INFOPLIST_FILE = YES;
				INFOPLIST_FILE = Sample/Info.plist;
				INFOPLIST_KEY_UIApplicationSupportsIndirectInputEvents = YES;
				INFOPLIST_KEY_UILaunchStoryboardName = LaunchScreen;
				INFOPLIST_KEY_UIMainStoryboardFile = Main;
				INFOPLIST_KEY_UISupportedInterfaceOrientations_iPad = "UIInterfaceOrientationPortrait UIInterfaceOrientationPortraitUpsideDown UIInterfaceOrientationLandscapeLeft UIInterfaceOrientationLandscapeRight";
				INFOPLIST_KEY_UISupportedInterfaceOrientations_iPhone = "UIInterfaceOrientationPortrait UIInterfaceOrientationLandscapeLeft UIInterfaceOrientationLandscapeRight";
				IPHONEOS_DEPLOYMENT_TARGET = 13.0;
				LD_RUNPATH_SEARCH_PATHS = (
					"$(inherited)",
					"@executable_path/Frameworks",
				);
				MARKETING_VERSION = 1.0;
				PRODUCT_BUNDLE_IDENTIFIER = com.sample.sample.Sample.dev;
				PRODUCT_NAME = "$(TARGET_NAME)";
				SERVER_URL = "https://itunes.apple.com";
				SWIFT_EMIT_LOC_STRINGS = YES;
				SWIFT_VERSION = 5.0;
				TARGETED_DEVICE_FAMILY = "1,2";
			};
			name = Debug;
		};
		BFB15D232951CA67005394D6 /* Release */ = {
			isa = XCBuildConfiguration;
			baseConfigurationReference = 726D452E99C81261B7DED1FF /* Pods-Sample.release.xcconfig */;
			buildSettings = {
				ASSETCATALOG_COMPILER_APPICON_NAME = AppIcon;
				ASSETCATALOG_COMPILER_GLOBAL_ACCENT_COLOR_NAME = AccentColor;
				CODE_SIGN_STYLE = Automatic;
				CURRENT_PROJECT_VERSION = 1;
				GENERATE_INFOPLIST_FILE = YES;
				INFOPLIST_FILE = Sample/Info.plist;
				INFOPLIST_KEY_UIApplicationSupportsIndirectInputEvents = YES;
				INFOPLIST_KEY_UILaunchStoryboardName = LaunchScreen;
				INFOPLIST_KEY_UIMainStoryboardFile = Main;
				INFOPLIST_KEY_UISupportedInterfaceOrientations_iPad = "UIInterfaceOrientationPortrait UIInterfaceOrientationPortraitUpsideDown UIInterfaceOrientationLandscapeLeft UIInterfaceOrientationLandscapeRight";
				INFOPLIST_KEY_UISupportedInterfaceOrientations_iPhone = "UIInterfaceOrientationPortrait UIInterfaceOrientationLandscapeLeft UIInterfaceOrientationLandscapeRight";
				IPHONEOS_DEPLOYMENT_TARGET = 13.0;
				LD_RUNPATH_SEARCH_PATHS = (
					"$(inherited)",
					"@executable_path/Frameworks",
				);
				MARKETING_VERSION = 1.0;
				PRODUCT_BUNDLE_IDENTIFIER = com.sample.sample.Sample;
				PRODUCT_NAME = "$(TARGET_NAME)";
				SERVER_URL = "https://itunes.apple.com";
				SWIFT_EMIT_LOC_STRINGS = YES;
				SWIFT_VERSION = 5.0;
				TARGETED_DEVICE_FAMILY = "1,2";
			};
			name = Release;
		};
		BFB15D252951CA67005394D6 /* Debug */ = {
			isa = XCBuildConfiguration;
			baseConfigurationReference = FE33E3B9F5710A205D578FDC /* Pods-SampleTests.debug.xcconfig */;
			buildSettings = {
				ALWAYS_EMBED_SWIFT_STANDARD_LIBRARIES = YES;
				BUNDLE_LOADER = "$(TEST_HOST)";
				CODE_SIGN_STYLE = Automatic;
				CURRENT_PROJECT_VERSION = 1;
				GENERATE_INFOPLIST_FILE = YES;
				IPHONEOS_DEPLOYMENT_TARGET = 13.0;
				MARKETING_VERSION = 1.0;
				PRODUCT_BUNDLE_IDENTIFIER = com.sample.sample.SampleTests;
				PRODUCT_NAME = "$(TARGET_NAME)";
				SWIFT_EMIT_LOC_STRINGS = NO;
				SWIFT_VERSION = 5.0;
				TARGETED_DEVICE_FAMILY = "1,2";
				TEST_HOST = "$(BUILT_PRODUCTS_DIR)/Sample.app/$(BUNDLE_EXECUTABLE_FOLDER_PATH)/Sample";
			};
			name = Debug;
		};
		BFB15D262951CA67005394D6 /* Release */ = {
			isa = XCBuildConfiguration;
			baseConfigurationReference = 567BBE967C9D0431344EB366 /* Pods-SampleTests.release.xcconfig */;
			buildSettings = {
				ALWAYS_EMBED_SWIFT_STANDARD_LIBRARIES = YES;
				BUNDLE_LOADER = "$(TEST_HOST)";
				CODE_SIGN_STYLE = Automatic;
				CURRENT_PROJECT_VERSION = 1;
				GENERATE_INFOPLIST_FILE = YES;
				IPHONEOS_DEPLOYMENT_TARGET = 13.0;
				MARKETING_VERSION = 1.0;
				PRODUCT_BUNDLE_IDENTIFIER = com.sample.sample.SampleTests;
				PRODUCT_NAME = "$(TARGET_NAME)";
				SWIFT_EMIT_LOC_STRINGS = NO;
				SWIFT_VERSION = 5.0;
				TARGETED_DEVICE_FAMILY = "1,2";
				TEST_HOST = "$(BUILT_PRODUCTS_DIR)/Sample.app/$(BUNDLE_EXECUTABLE_FOLDER_PATH)/Sample";
			};
			name = Release;
		};
		BFF80CD92953F9370079C956 /* QA */ = {
			isa = XCBuildConfiguration;
			buildSettings = {
				ALWAYS_SEARCH_USER_PATHS = NO;
				CLANG_ANALYZER_NONNULL = YES;
				CLANG_ANALYZER_NUMBER_OBJECT_CONVERSION = YES_AGGRESSIVE;
				CLANG_CXX_LANGUAGE_STANDARD = "gnu++20";
				CLANG_ENABLE_MODULES = YES;
				CLANG_ENABLE_OBJC_ARC = YES;
				CLANG_ENABLE_OBJC_WEAK = YES;
				CLANG_WARN_BLOCK_CAPTURE_AUTORELEASING = YES;
				CLANG_WARN_BOOL_CONVERSION = YES;
				CLANG_WARN_COMMA = YES;
				CLANG_WARN_CONSTANT_CONVERSION = YES;
				CLANG_WARN_DEPRECATED_OBJC_IMPLEMENTATIONS = YES;
				CLANG_WARN_DIRECT_OBJC_ISA_USAGE = YES_ERROR;
				CLANG_WARN_DOCUMENTATION_COMMENTS = YES;
				CLANG_WARN_EMPTY_BODY = YES;
				CLANG_WARN_ENUM_CONVERSION = YES;
				CLANG_WARN_INFINITE_RECURSION = YES;
				CLANG_WARN_INT_CONVERSION = YES;
				CLANG_WARN_NON_LITERAL_NULL_CONVERSION = YES;
				CLANG_WARN_OBJC_IMPLICIT_RETAIN_SELF = YES;
				CLANG_WARN_OBJC_LITERAL_CONVERSION = YES;
				CLANG_WARN_OBJC_ROOT_CLASS = YES_ERROR;
				CLANG_WARN_QUOTED_INCLUDE_IN_FRAMEWORK_HEADER = YES;
				CLANG_WARN_RANGE_LOOP_ANALYSIS = YES;
				CLANG_WARN_STRICT_PROTOTYPES = YES;
				CLANG_WARN_SUSPICIOUS_MOVE = YES;
				CLANG_WARN_UNGUARDED_AVAILABILITY = YES_AGGRESSIVE;
				CLANG_WARN_UNREACHABLE_CODE = YES;
				CLANG_WARN__DUPLICATE_METHOD_MATCH = YES;
				COPY_PHASE_STRIP = NO;
				DEBUG_INFORMATION_FORMAT = "dwarf-with-dsym";
				ENABLE_NS_ASSERTIONS = NO;
				ENABLE_STRICT_OBJC_MSGSEND = YES;
				GCC_C_LANGUAGE_STANDARD = gnu11;
				GCC_NO_COMMON_BLOCKS = YES;
				GCC_WARN_64_TO_32_BIT_CONVERSION = YES;
				GCC_WARN_ABOUT_RETURN_TYPE = YES_ERROR;
				GCC_WARN_UNDECLARED_SELECTOR = YES;
				GCC_WARN_UNINITIALIZED_AUTOS = YES_AGGRESSIVE;
				GCC_WARN_UNUSED_FUNCTION = YES;
				GCC_WARN_UNUSED_VARIABLE = YES;
				IPHONEOS_DEPLOYMENT_TARGET = 13.0;
				MTL_ENABLE_DEBUG_INFO = NO;
				MTL_FAST_MATH = YES;
				SDKROOT = iphoneos;
				SWIFT_COMPILATION_MODE = wholemodule;
				SWIFT_OPTIMIZATION_LEVEL = "-O";
				VALIDATE_PRODUCT = YES;
			};
			name = QA;
		};
		BFF80CDA2953F9370079C956 /* QA */ = {
			isa = XCBuildConfiguration;
			baseConfigurationReference = DF078C7CDECEDD865106E06C /* Pods-Sample.qa.xcconfig */;
			buildSettings = {
				ASSETCATALOG_COMPILER_APPICON_NAME = AppIcon;
				ASSETCATALOG_COMPILER_GLOBAL_ACCENT_COLOR_NAME = AccentColor;
				CODE_SIGN_STYLE = Automatic;
				CURRENT_PROJECT_VERSION = 1;
				GENERATE_INFOPLIST_FILE = YES;
				INFOPLIST_FILE = Sample/Info.plist;
				INFOPLIST_KEY_UIApplicationSupportsIndirectInputEvents = YES;
				INFOPLIST_KEY_UILaunchStoryboardName = LaunchScreen;
				INFOPLIST_KEY_UIMainStoryboardFile = Main;
				INFOPLIST_KEY_UISupportedInterfaceOrientations_iPad = "UIInterfaceOrientationPortrait UIInterfaceOrientationPortraitUpsideDown UIInterfaceOrientationLandscapeLeft UIInterfaceOrientationLandscapeRight";
				INFOPLIST_KEY_UISupportedInterfaceOrientations_iPhone = "UIInterfaceOrientationPortrait UIInterfaceOrientationLandscapeLeft UIInterfaceOrientationLandscapeRight";
				IPHONEOS_DEPLOYMENT_TARGET = 13.0;
				LD_RUNPATH_SEARCH_PATHS = (
					"$(inherited)",
					"@executable_path/Frameworks",
				);
				MARKETING_VERSION = 1.0;
				PRODUCT_BUNDLE_IDENTIFIER = com.sample.sample.Sample.qa;
				PRODUCT_NAME = "$(TARGET_NAME)";
				SERVER_URL = "https://itunes.apple.com";
				SWIFT_EMIT_LOC_STRINGS = YES;
				SWIFT_VERSION = 5.0;
				TARGETED_DEVICE_FAMILY = "1,2";
			};
			name = QA;
		};
		BFF80CDB2953F9370079C956 /* QA */ = {
			isa = XCBuildConfiguration;
			baseConfigurationReference = E108AFC5AEBC5585AF85FB2D /* Pods-SampleTests.qa.xcconfig */;
			buildSettings = {
				ALWAYS_EMBED_SWIFT_STANDARD_LIBRARIES = YES;
				BUNDLE_LOADER = "$(TEST_HOST)";
				CODE_SIGN_STYLE = Automatic;
				CURRENT_PROJECT_VERSION = 1;
				GENERATE_INFOPLIST_FILE = YES;
				IPHONEOS_DEPLOYMENT_TARGET = 13.0;
				MARKETING_VERSION = 1.0;
				PRODUCT_BUNDLE_IDENTIFIER = com.sample.sample.SampleTests;
				PRODUCT_NAME = "$(TARGET_NAME)";
				SWIFT_EMIT_LOC_STRINGS = NO;
				SWIFT_VERSION = 5.0;
				TARGETED_DEVICE_FAMILY = "1,2";
				TEST_HOST = "$(BUILT_PRODUCTS_DIR)/Sample.app/$(BUNDLE_EXECUTABLE_FOLDER_PATH)/Sample";
			};
			name = QA;
		};
/* End XCBuildConfiguration section */

/* Begin XCConfigurationList section */
		BFB15CF22951CA63005394D6 /* Build configuration list for PBXProject "Sample" */ = {
			isa = XCConfigurationList;
			buildConfigurations = (
				BFB15D1F2951CA67005394D6 /* Debug */,
				BFB15D202951CA67005394D6 /* Release */,
				BFF80CD92953F9370079C956 /* QA */,
			);
			defaultConfigurationIsVisible = 0;
			defaultConfigurationName = Release;
		};
		BFB15D212951CA67005394D6 /* Build configuration list for PBXNativeTarget "Sample" */ = {
			isa = XCConfigurationList;
			buildConfigurations = (
				BFB15D222951CA67005394D6 /* Debug */,
				BFB15D232951CA67005394D6 /* Release */,
				BFF80CDA2953F9370079C956 /* QA */,
			);
			defaultConfigurationIsVisible = 0;
			defaultConfigurationName = Release;
		};
		BFB15D242951CA67005394D6 /* Build configuration list for PBXNativeTarget "SampleTests" */ = {
			isa = XCConfigurationList;
			buildConfigurations = (
				BFB15D252951CA67005394D6 /* Debug */,
				BFB15D262951CA67005394D6 /* Release */,
				BFF80CDB2953F9370079C956 /* QA */,
			);
			defaultConfigurationIsVisible = 0;
			defaultConfigurationName = Release;
		};
/* End XCConfigurationList section */
	};
	rootObject = BFB15CEF2951CA63005394D6 /* Project object */;
}
